
Microsoft Visual Studio Solution File, Format Version 12.00
# Visual Studio Version 17
VisualStudioVersion = 17.10.35027.167
MinimumVisualStudioVersion = 10.0.40219.1
Project("{9A19103F-16F7-4668-BE54-9A1E7A4F7556}") = "GeniyIdiot8.0c#", "GeniyIdiot8.0c#\GeniyIdiot8.0c#.csproj", "{09A07D2F-E7AA-430D-BECB-FAB68CF2A70F}"
EndProject
Project("{9A19103F-16F7-4668-BE54-9A1E7A4F7556}") = "GeniyIdiotWinFormsApp", "WinFormsApp1\GeniyIdiotWinFormsApp.csproj", "{0F2ECE58-24D1-4B73-9C36-D2ACCBD116FF}"
EndProject
Project("{FAE04EC0-301F-11D3-BF4B-00C04F79EFBC}") = "GeniyIdiotClassLibrary", "GeniyIdiotClassLibrary\GeniyIdiotClassLibrary.csproj", "{A5A9C2D7-C002-4FCE-B495-CC1B5A491F0C}"
EndProject
Global
	GlobalSection(SolutionConfigurationPlatforms) = preSolution
		Debug|Any CPU = Debug|Any CPU
		Release|Any CPU = Release|Any CPU
	EndGlobalSection
	GlobalSection(ProjectConfigurationPlatforms) = postSolution
		{09A07D2F-E7AA-430D-BECB-FAB68CF2A70F}.Debug|Any CPU.ActiveCfg = Debug|Any CPU
		{09A07D2F-E7AA-430D-BECB-FAB68CF2A70F}.Debug|Any CPU.Build.0 = Debug|Any CPU
		{09A07D2F-E7AA-430D-BECB-FAB68CF2A70F}.Release|Any CPU.ActiveCfg = Release|Any CPU
		{09A07D2F-E7AA-430D-BECB-FAB68CF2A70F}.Release|Any CPU.Build.0 = Release|Any CPU
		{0F2ECE58-24D1-4B73-9C36-D2ACCBD116FF}.Debug|Any CPU.ActiveCfg = Debug|Any CPU
		{0F2ECE58-24D1-4B73-9C36-D2ACCBD116FF}.Debug|Any CPU.Build.0 = Debug|Any CPU
		{0F2ECE58-24D1-4B73-9C36-D2ACCBD116FF}.Release|Any CPU.ActiveCfg = Release|Any CPU
		{0F2ECE58-24D1-4B73-9C36-D2ACCBD116FF}.Release|Any CPU.Build.0 = Release|Any CPU
		{A5A9C2D7-C002-4FCE-B495-CC1B5A491F0C}.Debug|Any CPU.ActiveCfg = Debug|Any CPU
		{A5A9C2D7-C002-4FCE-B495-CC1B5A491F0C}.Debug|Any CPU.Build.0 = Debug|Any CPU
		{A5A9C2D7-C002-4FCE-B495-CC1B5A491F0C}.Release|Any CPU.ActiveCfg = Release|Any CPU
		{A5A9C2D7-C002-4FCE-B495-CC1B5A491F0C}.Release|Any CPU.Build.0 = Release|Any CPU
	EndGlobalSection
	GlobalSection(SolutionProperties) = preSolution
		HideSolutionNode = FALSE
	EndGlobalSection
	GlobalSection(ExtensibilityGlobals) = postSolution
		SolutionGuid = {53C64386-D64D-42EB-AF7C-367C5DD492C2}
	EndGlobalSection
EndGlobal
